{
	"name": "totalspa",
	"version": "1.0.0",
	"lockfileVersion": 1,
	"requires": true,
	"dependencies": {
		"total.js": {
			"version": "3.4.1",
			"resolved": "https://registry.npmjs.org/total.js/-/total.js-3.4.1.tgz",
			"integrity": "sha512-zUjgMrMdNusl2nzpU3LdHzmcGLv04RIE4luxA61hU4ft26X/LuDemSXbbUhko36/xxlo8fio/WH3WVEdIIUmHQ=="
		}
	}
}
